// !$*UTF8*$!
{
	archiveVersion = 1;
	classes = {
	};
	objectVersion = 55;
	objects = {

/* Begin PBXBuildFile section */
		2F30DC56284BB70700A7E14E /* Tests_iOS.swift in Sources */ = {isa = PBXBuildFile; fileRef = 2F30DC55284BB70700A7E14E /* Tests_iOS.swift */; };
		2F30DC58284BB70700A7E14E /* Tests_iOSLaunchTests.swift in Sources */ = {isa = PBXBuildFile; fileRef = 2F30DC57284BB70700A7E14E /* Tests_iOSLaunchTests.swift */; };
		2F30DC62284BB70700A7E14E /* Tests_macOS.swift in Sources */ = {isa = PBXBuildFile; fileRef = 2F30DC61284BB70700A7E14E /* Tests_macOS.swift */; };
		2F30DC64284BB70700A7E14E /* Tests_macOSLaunchTests.swift in Sources */ = {isa = PBXBuildFile; fileRef = 2F30DC63284BB70700A7E14E /* Tests_macOSLaunchTests.swift */; };
		2F30DC65284BB70700A7E14E /* SwiftArmyKnifeApp.swift in Sources */ = {isa = PBXBuildFile; fileRef = 2F30DC3D284BB70500A7E14E /* SwiftArmyKnifeApp.swift */; };
		2F30DC66284BB70700A7E14E /* SwiftArmyKnifeApp.swift in Sources */ = {isa = PBXBuildFile; fileRef = 2F30DC3D284BB70500A7E14E /* SwiftArmyKnifeApp.swift */; };
		2F30DC67284BB70700A7E14E /* ContentView.swift in Sources */ = {isa = PBXBuildFile; fileRef = 2F30DC3E284BB70500A7E14E /* ContentView.swift */; };
		2F30DC68284BB70700A7E14E /* ContentView.swift in Sources */ = {isa = PBXBuildFile; fileRef = 2F30DC3E284BB70500A7E14E /* ContentView.swift */; };
		2F30DC69284BB70700A7E14E /* Assets.xcassets in Resources */ = {isa = PBXBuildFile; fileRef = 2F30DC3F284BB70600A7E14E /* Assets.xcassets */; };
		2F30DC6A284BB70700A7E14E /* Assets.xcassets in Resources */ = {isa = PBXBuildFile; fileRef = 2F30DC3F284BB70600A7E14E /* Assets.xcassets */; };
		2F30DC7B284BD9BD00A7E14E /* SwiftUIViewsView.swift in Sources */ = {isa = PBXBuildFile; fileRef = 2F30DC7A284BD9BD00A7E14E /* SwiftUIViewsView.swift */; };
		2F30DC7C284BD9BD00A7E14E /* SwiftUIViewsView.swift in Sources */ = {isa = PBXBuildFile; fileRef = 2F30DC7A284BD9BD00A7E14E /* SwiftUIViewsView.swift */; };
		2F30DC7E284BEF4900A7E14E /* content.json in Resources */ = {isa = PBXBuildFile; fileRef = 2F30DC7D284BEF4900A7E14E /* content.json */; };
		2F30DC7F284BEF4900A7E14E /* content.json in Resources */ = {isa = PBXBuildFile; fileRef = 2F30DC7D284BEF4900A7E14E /* content.json */; };
		2F30DC81284BFF8200A7E14E /* ComponentModel.swift in Sources */ = {isa = PBXBuildFile; fileRef = 2F30DC80284BFF8200A7E14E /* ComponentModel.swift */; };
		2F30DC82284BFF8200A7E14E /* ComponentModel.swift in Sources */ = {isa = PBXBuildFile; fileRef = 2F30DC80284BFF8200A7E14E /* ComponentModel.swift */; };
		2F30DC84284C119800A7E14E /* SwiftUIModifiersView.swift in Sources */ = {isa = PBXBuildFile; fileRef = 2F30DC83284C119800A7E14E /* SwiftUIModifiersView.swift */; };
		2F30DC85284C119800A7E14E /* SwiftUIModifiersView.swift in Sources */ = {isa = PBXBuildFile; fileRef = 2F30DC83284C119800A7E14E /* SwiftUIModifiersView.swift */; };
		2F30DC87284C171500A7E14E /* CodeSnippetsView.swift in Sources */ = {isa = PBXBuildFile; fileRef = 2F30DC86284C171500A7E14E /* CodeSnippetsView.swift */; };
		2F30DC88284C171500A7E14E /* CodeSnippetsView.swift in Sources */ = {isa = PBXBuildFile; fileRef = 2F30DC86284C171500A7E14E /* CodeSnippetsView.swift */; };
		2F30DC8A284C1FC200A7E14E /* UIKitView.swift in Sources */ = {isa = PBXBuildFile; fileRef = 2F30DC89284C1FC200A7E14E /* UIKitView.swift */; };
		2F30DC8B284C1FC200A7E14E /* UIKitView.swift in Sources */ = {isa = PBXBuildFile; fileRef = 2F30DC89284C1FC200A7E14E /* UIKitView.swift */; };
		2F30DC8D284C267600A7E14E /* SwiftView.swift in Sources */ = {isa = PBXBuildFile; fileRef = 2F30DC8C284C267600A7E14E /* SwiftView.swift */; };
		2F30DC8E284C267600A7E14E /* SwiftView.swift in Sources */ = {isa = PBXBuildFile; fileRef = 2F30DC8C284C267600A7E14E /* SwiftView.swift */; };
		2F30DC92284C2FBE00A7E14E /* NavigationModel.swift in Sources */ = {isa = PBXBuildFile; fileRef = 2F30DC91284C2FBE00A7E14E /* NavigationModel.swift */; };
		2F30DC93284C2FBE00A7E14E /* NavigationModel.swift in Sources */ = {isa = PBXBuildFile; fileRef = 2F30DC91284C2FBE00A7E14E /* NavigationModel.swift */; };
		2F30DC95284C301500A7E14E /* CodeSnippetsModel.swift in Sources */ = {isa = PBXBuildFile; fileRef = 2F30DC94284C301500A7E14E /* CodeSnippetsModel.swift */; };
		2F30DC96284C301500A7E14E /* CodeSnippetsModel.swift in Sources */ = {isa = PBXBuildFile; fileRef = 2F30DC94284C301500A7E14E /* CodeSnippetsModel.swift */; };
		2F30DC98284C305200A7E14E /* SwiftUIModifiersModel.swift in Sources */ = {isa = PBXBuildFile; fileRef = 2F30DC97284C305200A7E14E /* SwiftUIModifiersModel.swift */; };
		2F30DC99284C305200A7E14E /* SwiftUIModifiersModel.swift in Sources */ = {isa = PBXBuildFile; fileRef = 2F30DC97284C305200A7E14E /* SwiftUIModifiersModel.swift */; };
		2F30DC9B284C308200A7E14E /* SwiftUIViewsModel.swift in Sources */ = {isa = PBXBuildFile; fileRef = 2F30DC9A284C308200A7E14E /* SwiftUIViewsModel.swift */; };
		2F30DC9C284C308200A7E14E /* SwiftUIViewsModel.swift in Sources */ = {isa = PBXBuildFile; fileRef = 2F30DC9A284C308200A7E14E /* SwiftUIViewsModel.swift */; };
		2F30DC9E284C30A900A7E14E /* SwiftModel.swift in Sources */ = {isa = PBXBuildFile; fileRef = 2F30DC9D284C30A900A7E14E /* SwiftModel.swift */; };
		2F30DC9F284C30A900A7E14E /* SwiftModel.swift in Sources */ = {isa = PBXBuildFile; fileRef = 2F30DC9D284C30A900A7E14E /* SwiftModel.swift */; };
		2F30DCA1284C316A00A7E14E /* DetailView.swift in Sources */ = {isa = PBXBuildFile; fileRef = 2F30DCA0284C316A00A7E14E /* DetailView.swift */; };
		2F30DCA2284C316A00A7E14E /* DetailView.swift in Sources */ = {isa = PBXBuildFile; fileRef = 2F30DCA0284C316A00A7E14E /* DetailView.swift */; };
		2F30DCA4284C404900A7E14E /* SectionView.swift in Sources */ = {isa = PBXBuildFile; fileRef = 2F30DCA3284C404900A7E14E /* SectionView.swift */; };
		2F30DCA5284C404900A7E14E /* SectionView.swift in Sources */ = {isa = PBXBuildFile; fileRef = 2F30DCA3284C404900A7E14E /* SectionView.swift */; };
		2F30DCA9284C469F00A7E14E /* TabViewDemoView.swift in Sources */ = {isa = PBXBuildFile; fileRef = 2F30DCA8284C469F00A7E14E /* TabViewDemoView.swift */; };
		2F30DCAA284C469F00A7E14E /* TabViewDemoView.swift in Sources */ = {isa = PBXBuildFile; fileRef = 2F30DCA8284C469F00A7E14E /* TabViewDemoView.swift */; };
		2F30DCB0284C549100A7E14E /* ExampleTabView.swift in Sources */ = {isa = PBXBuildFile; fileRef = 2F30DCAF284C549100A7E14E /* ExampleTabView.swift */; };
		2F30DCB1284C549200A7E14E /* ExampleTabView.swift in Sources */ = {isa = PBXBuildFile; fileRef = 2F30DCAF284C549100A7E14E /* ExampleTabView.swift */; };
		2FEBD07C284C59FE008B8C9D /* SourceCodeView.swift in Sources */ = {isa = PBXBuildFile; fileRef = 2FEBD07B284C59FE008B8C9D /* SourceCodeView.swift */; };
		2FEBD07D284C59FE008B8C9D /* SourceCodeView.swift in Sources */ = {isa = PBXBuildFile; fileRef = 2FEBD07B284C59FE008B8C9D /* SourceCodeView.swift */; };
		2FEBD080284C5CEA008B8C9D /* CodeEditor in Frameworks */ = {isa = PBXBuildFile; productRef = 2FEBD07F284C5CEA008B8C9D /* CodeEditor */; };
/* End PBXBuildFile section */

/* Begin PBXContainerItemProxy section */
		2F30DC52284BB70700A7E14E /* PBXContainerItemProxy */ = {
			isa = PBXContainerItemProxy;
			containerPortal = 2F30DC38284BB70500A7E14E /* Project object */;
			proxyType = 1;
			remoteGlobalIDString = 2F30DC43284BB70700A7E14E;
			remoteInfo = "SwiftArmyKnife (iOS)";
		};
		2F30DC5E284BB70700A7E14E /* PBXContainerItemProxy */ = {
			isa = PBXContainerItemProxy;
			containerPortal = 2F30DC38284BB70500A7E14E /* Project object */;
			proxyType = 1;
			remoteGlobalIDString = 2F30DC49284BB70700A7E14E;
			remoteInfo = "SwiftArmyKnife (macOS)";
		};
/* End PBXContainerItemProxy section */

/* Begin PBXFileReference section */
		2F30DC3D284BB70500A7E14E /* SwiftArmyKnifeApp.swift */ = {isa = PBXFileReference; lastKnownFileType = sourcecode.swift; path = SwiftArmyKnifeApp.swift; sourceTree = "<group>"; };
		2F30DC3E284BB70500A7E14E /* ContentView.swift */ = {isa = PBXFileReference; lastKnownFileType = sourcecode.swift; path = ContentView.swift; sourceTree = "<group>"; };
		2F30DC3F284BB70600A7E14E /* Assets.xcassets */ = {isa = PBXFileReference; lastKnownFileType = folder.assetcatalog; path = Assets.xcassets; sourceTree = "<group>"; };
		2F30DC44284BB70700A7E14E /* SwiftArmyKnife.app */ = {isa = PBXFileReference; explicitFileType = wrapper.application; includeInIndex = 0; path = SwiftArmyKnife.app; sourceTree = BUILT_PRODUCTS_DIR; };
		2F30DC4A284BB70700A7E14E /* SwiftArmyKnife.app */ = {isa = PBXFileReference; explicitFileType = wrapper.application; includeInIndex = 0; path = SwiftArmyKnife.app; sourceTree = BUILT_PRODUCTS_DIR; };
		2F30DC4C284BB70700A7E14E /* macOS.entitlements */ = {isa = PBXFileReference; lastKnownFileType = text.plist.entitlements; path = macOS.entitlements; sourceTree = "<group>"; };
		2F30DC51284BB70700A7E14E /* Tests iOS.xctest */ = {isa = PBXFileReference; explicitFileType = wrapper.cfbundle; includeInIndex = 0; path = "Tests iOS.xctest"; sourceTree = BUILT_PRODUCTS_DIR; };
		2F30DC55284BB70700A7E14E /* Tests_iOS.swift */ = {isa = PBXFileReference; lastKnownFileType = sourcecode.swift; path = Tests_iOS.swift; sourceTree = "<group>"; };
		2F30DC57284BB70700A7E14E /* Tests_iOSLaunchTests.swift */ = {isa = PBXFileReference; lastKnownFileType = sourcecode.swift; path = Tests_iOSLaunchTests.swift; sourceTree = "<group>"; };
		2F30DC5D284BB70700A7E14E /* Tests macOS.xctest */ = {isa = PBXFileReference; explicitFileType = wrapper.cfbundle; includeInIndex = 0; path = "Tests macOS.xctest"; sourceTree = BUILT_PRODUCTS_DIR; };
		2F30DC61284BB70700A7E14E /* Tests_macOS.swift */ = {isa = PBXFileReference; lastKnownFileType = sourcecode.swift; path = Tests_macOS.swift; sourceTree = "<group>"; };
		2F30DC63284BB70700A7E14E /* Tests_macOSLaunchTests.swift */ = {isa = PBXFileReference; lastKnownFileType = sourcecode.swift; path = Tests_macOSLaunchTests.swift; sourceTree = "<group>"; };
		2F30DC7A284BD9BD00A7E14E /* SwiftUIViewsView.swift */ = {isa = PBXFileReference; lastKnownFileType = sourcecode.swift; path = SwiftUIViewsView.swift; sourceTree = "<group>"; };
		2F30DC7D284BEF4900A7E14E /* content.json */ = {isa = PBXFileReference; lastKnownFileType = text.json; path = content.json; sourceTree = "<group>"; };
		2F30DC80284BFF8200A7E14E /* ComponentModel.swift */ = {isa = PBXFileReference; lastKnownFileType = sourcecode.swift; path = ComponentModel.swift; sourceTree = "<group>"; };
		2F30DC83284C119800A7E14E /* SwiftUIModifiersView.swift */ = {isa = PBXFileReference; lastKnownFileType = sourcecode.swift; path = SwiftUIModifiersView.swift; sourceTree = "<group>"; };
		2F30DC86284C171500A7E14E /* CodeSnippetsView.swift */ = {isa = PBXFileReference; lastKnownFileType = sourcecode.swift; path = CodeSnippetsView.swift; sourceTree = "<group>"; };
		2F30DC89284C1FC200A7E14E /* UIKitView.swift */ = {isa = PBXFileReference; lastKnownFileType = sourcecode.swift; path = UIKitView.swift; sourceTree = "<group>"; };
		2F30DC8C284C267600A7E14E /* SwiftView.swift */ = {isa = PBXFileReference; lastKnownFileType = sourcecode.swift; path = SwiftView.swift; sourceTree = "<group>"; };
		2F30DC91284C2FBE00A7E14E /* NavigationModel.swift */ = {isa = PBXFileReference; lastKnownFileType = sourcecode.swift; path = NavigationModel.swift; sourceTree = "<group>"; };
		2F30DC94284C301500A7E14E /* CodeSnippetsModel.swift */ = {isa = PBXFileReference; lastKnownFileType = sourcecode.swift; path = CodeSnippetsModel.swift; sourceTree = "<group>"; };
		2F30DC97284C305200A7E14E /* SwiftUIModifiersModel.swift */ = {isa = PBXFileReference; lastKnownFileType = sourcecode.swift; path = SwiftUIModifiersModel.swift; sourceTree = "<group>"; };
		2F30DC9A284C308200A7E14E /* SwiftUIViewsModel.swift */ = {isa = PBXFileReference; lastKnownFileType = sourcecode.swift; path = SwiftUIViewsModel.swift; sourceTree = "<group>"; };
		2F30DC9D284C30A900A7E14E /* SwiftModel.swift */ = {isa = PBXFileReference; lastKnownFileType = sourcecode.swift; path = SwiftModel.swift; sourceTree = "<group>"; };
		2F30DCA0284C316A00A7E14E /* DetailView.swift */ = {isa = PBXFileReference; lastKnownFileType = sourcecode.swift; path = DetailView.swift; sourceTree = "<group>"; };
		2F30DCA3284C404900A7E14E /* SectionView.swift */ = {isa = PBXFileReference; lastKnownFileType = sourcecode.swift; path = SectionView.swift; sourceTree = "<group>"; };
		2F30DCA8284C469F00A7E14E /* TabViewDemoView.swift */ = {isa = PBXFileReference; lastKnownFileType = sourcecode.swift; path = TabViewDemoView.swift; sourceTree = "<group>"; };
		2F30DCAF284C549100A7E14E /* ExampleTabView.swift */ = {isa = PBXFileReference; lastKnownFileType = sourcecode.swift; path = ExampleTabView.swift; sourceTree = "<group>"; };
		2FEBD07B284C59FE008B8C9D /* SourceCodeView.swift */ = {isa = PBXFileReference; lastKnownFileType = sourcecode.swift; path = SourceCodeView.swift; sourceTree = "<group>"; };
/* End PBXFileReference section */

/* Begin PBXFrameworksBuildPhase section */
		2F30DC41284BB70700A7E14E /* Frameworks */ = {
			isa = PBXFrameworksBuildPhase;
			buildActionMask = 2147483647;
			files = (
				2FEBD080284C5CEA008B8C9D /* CodeEditor in Frameworks */,
			);
			runOnlyForDeploymentPostprocessing = 0;
		};
		2F30DC47284BB70700A7E14E /* Frameworks */ = {
			isa = PBXFrameworksBuildPhase;
			buildActionMask = 2147483647;
			files = (
			);
			runOnlyForDeploymentPostprocessing = 0;
		};
		2F30DC4E284BB70700A7E14E /* Frameworks */ = {
			isa = PBXFrameworksBuildPhase;
			buildActionMask = 2147483647;
			files = (
			);
			runOnlyForDeploymentPostprocessing = 0;
		};
		2F30DC5A284BB70700A7E14E /* Frameworks */ = {
			isa = PBXFrameworksBuildPhase;
			buildActionMask = 2147483647;
			files = (
			);
			runOnlyForDeploymentPostprocessing = 0;
		};
/* End PBXFrameworksBuildPhase section */

/* Begin PBXGroup section */
		2F30DC37284BB70500A7E14E = {
			isa = PBXGroup;
			children = (
				2F30DC3C284BB70500A7E14E /* Shared */,
				2F30DC4B284BB70700A7E14E /* macOS */,
				2F30DC54284BB70700A7E14E /* Tests iOS */,
				2F30DC60284BB70700A7E14E /* Tests macOS */,
				2F30DC45284BB70700A7E14E /* Products */,
			);
			sourceTree = "<group>";
		};
		2F30DC3C284BB70500A7E14E /* Shared */ = {
			isa = PBXGroup;
			children = (
				2F30DC3D284BB70500A7E14E /* SwiftArmyKnifeApp.swift */,
				2F30DC8F284C2F5C00A7E14E /* Views */,
				2F30DC90284C2F6F00A7E14E /* Models */,
				2F30DC3F284BB70600A7E14E /* Assets.xcassets */,
				2F30DC7D284BEF4900A7E14E /* content.json */,
			);
			path = Shared;
			sourceTree = "<group>";
		};
		2F30DC45284BB70700A7E14E /* Products */ = {
			isa = PBXGroup;
			children = (
				2F30DC44284BB70700A7E14E /* SwiftArmyKnife.app */,
				2F30DC4A284BB70700A7E14E /* SwiftArmyKnife.app */,
				2F30DC51284BB70700A7E14E /* Tests iOS.xctest */,
				2F30DC5D284BB70700A7E14E /* Tests macOS.xctest */,
			);
			name = Products;
			sourceTree = "<group>";
		};
		2F30DC4B284BB70700A7E14E /* macOS */ = {
			isa = PBXGroup;
			children = (
				2F30DC4C284BB70700A7E14E /* macOS.entitlements */,
			);
			path = macOS;
			sourceTree = "<group>";
		};
		2F30DC54284BB70700A7E14E /* Tests iOS */ = {
			isa = PBXGroup;
			children = (
				2F30DC55284BB70700A7E14E /* Tests_iOS.swift */,
				2F30DC57284BB70700A7E14E /* Tests_iOSLaunchTests.swift */,
			);
			path = "Tests iOS";
			sourceTree = "<group>";
		};
		2F30DC60284BB70700A7E14E /* Tests macOS */ = {
			isa = PBXGroup;
			children = (
				2F30DC61284BB70700A7E14E /* Tests_macOS.swift */,
				2F30DC63284BB70700A7E14E /* Tests_macOSLaunchTests.swift */,
			);
			path = "Tests macOS";
			sourceTree = "<group>";
		};
		2F30DC8F284C2F5C00A7E14E /* Views */ = {
			isa = PBXGroup;
			children = (
				2F30DC3E284BB70500A7E14E /* ContentView.swift */,
				2F30DCA6284C442700A7E14E /* Navigation */,
				2F30DCAB284C46AD00A7E14E /* Examples */,
			);
			path = Views;
			sourceTree = "<group>";
		};
		2F30DC90284C2F6F00A7E14E /* Models */ = {
			isa = PBXGroup;
			children = (
				2F30DC80284BFF8200A7E14E /* ComponentModel.swift */,
				2F30DC91284C2FBE00A7E14E /* NavigationModel.swift */,
				2F30DC9D284C30A900A7E14E /* SwiftModel.swift */,
				2F30DC9A284C308200A7E14E /* SwiftUIViewsModel.swift */,
				2F30DC97284C305200A7E14E /* SwiftUIModifiersModel.swift */,
				2F30DC94284C301500A7E14E /* CodeSnippetsModel.swift */,
			);
			path = Models;
			sourceTree = "<group>";
		};
		2F30DCA6284C442700A7E14E /* Navigation */ = {
			isa = PBXGroup;
			children = (
				2F30DCA7284C445C00A7E14E /* Subviews */,
				2F30DC8C284C267600A7E14E /* SwiftView.swift */,
				2F30DC89284C1FC200A7E14E /* UIKitView.swift */,
				2F30DC7A284BD9BD00A7E14E /* SwiftUIViewsView.swift */,
				2F30DC83284C119800A7E14E /* SwiftUIModifiersView.swift */,
				2F30DC86284C171500A7E14E /* CodeSnippetsView.swift */,
			);
			path = Navigation;
			sourceTree = "<group>";
		};
		2F30DCA7284C445C00A7E14E /* Subviews */ = {
			isa = PBXGroup;
			children = (
				2F30DCA0284C316A00A7E14E /* DetailView.swift */,
				2F30DCA3284C404900A7E14E /* SectionView.swift */,
			);
			path = Subviews;
			sourceTree = "<group>";
		};
		2F30DCAB284C46AD00A7E14E /* Examples */ = {
			isa = PBXGroup;
			children = (
				2F30DCA8284C469F00A7E14E /* TabViewDemoView.swift */,
				2F30DCAF284C549100A7E14E /* ExampleTabView.swift */,
				2FEBD07B284C59FE008B8C9D /* SourceCodeView.swift */,
			);
			path = Examples;
			sourceTree = "<group>";
		};
/* End PBXGroup section */

/* Begin PBXNativeTarget section */
		2F30DC43284BB70700A7E14E /* SwiftArmyKnife (iOS) */ = {
			isa = PBXNativeTarget;
			buildConfigurationList = 2F30DC6D284BB70700A7E14E /* Build configuration list for PBXNativeTarget "SwiftArmyKnife (iOS)" */;
			buildPhases = (
				2F30DC40284BB70700A7E14E /* Sources */,
				2F30DC41284BB70700A7E14E /* Frameworks */,
				2F30DC42284BB70700A7E14E /* Resources */,
			);
			buildRules = (
			);
			dependencies = (
			);
			name = "SwiftArmyKnife (iOS)";
			packageProductDependencies = (
				2FEBD07F284C5CEA008B8C9D /* CodeEditor */,
			);
			productName = "SwiftArmyKnife (iOS)";
			productReference = 2F30DC44284BB70700A7E14E /* SwiftArmyKnife.app */;
			productType = "com.apple.product-type.application";
		};
		2F30DC49284BB70700A7E14E /* SwiftArmyKnife (macOS) */ = {
			isa = PBXNativeTarget;
			buildConfigurationList = 2F30DC70284BB70700A7E14E /* Build configuration list for PBXNativeTarget "SwiftArmyKnife (macOS)" */;
			buildPhases = (
				2F30DC46284BB70700A7E14E /* Sources */,
				2F30DC47284BB70700A7E14E /* Frameworks */,
				2F30DC48284BB70700A7E14E /* Resources */,
			);
			buildRules = (
			);
			dependencies = (
			);
			name = "SwiftArmyKnife (macOS)";
			productName = "SwiftArmyKnife (macOS)";
			productReference = 2F30DC4A284BB70700A7E14E /* SwiftArmyKnife.app */;
			productType = "com.apple.product-type.application";
		};
		2F30DC50284BB70700A7E14E /* Tests iOS */ = {
			isa = PBXNativeTarget;
			buildConfigurationList = 2F30DC73284BB70700A7E14E /* Build configuration list for PBXNativeTarget "Tests iOS" */;
			buildPhases = (
				2F30DC4D284BB70700A7E14E /* Sources */,
				2F30DC4E284BB70700A7E14E /* Frameworks */,
				2F30DC4F284BB70700A7E14E /* Resources */,
			);
			buildRules = (
			);
			dependencies = (
				2F30DC53284BB70700A7E14E /* PBXTargetDependency */,
			);
			name = "Tests iOS";
			productName = "Tests iOS";
			productReference = 2F30DC51284BB70700A7E14E /* Tests iOS.xctest */;
			productType = "com.apple.product-type.bundle.ui-testing";
		};
		2F30DC5C284BB70700A7E14E /* Tests macOS */ = {
			isa = PBXNativeTarget;
			buildConfigurationList = 2F30DC76284BB70700A7E14E /* Build configuration list for PBXNativeTarget "Tests macOS" */;
			buildPhases = (
				2F30DC59284BB70700A7E14E /* Sources */,
				2F30DC5A284BB70700A7E14E /* Frameworks */,
				2F30DC5B284BB70700A7E14E /* Resources */,
			);
			buildRules = (
			);
			dependencies = (
				2F30DC5F284BB70700A7E14E /* PBXTargetDependency */,
			);
			name = "Tests macOS";
			productName = "Tests macOS";
			productReference = 2F30DC5D284BB70700A7E14E /* Tests macOS.xctest */;
			productType = "com.apple.product-type.bundle.ui-testing";
		};
/* End PBXNativeTarget section */

/* Begin PBXProject section */
		2F30DC38284BB70500A7E14E /* Project object */ = {
			isa = PBXProject;
			attributes = {
				BuildIndependentTargetsInParallel = 1;
				LastSwiftUpdateCheck = 1340;
				LastUpgradeCheck = 1340;
				TargetAttributes = {
					2F30DC43284BB70700A7E14E = {
						CreatedOnToolsVersion = 13.4.1;
					};
					2F30DC49284BB70700A7E14E = {
						CreatedOnToolsVersion = 13.4.1;
					};
					2F30DC50284BB70700A7E14E = {
						CreatedOnToolsVersion = 13.4.1;
						TestTargetID = 2F30DC43284BB70700A7E14E;
					};
					2F30DC5C284BB70700A7E14E = {
						CreatedOnToolsVersion = 13.4.1;
						TestTargetID = 2F30DC49284BB70700A7E14E;
					};
				};
			};
			buildConfigurationList = 2F30DC3B284BB70500A7E14E /* Build configuration list for PBXProject "SwiftArmyKnife" */;
			compatibilityVersion = "Xcode 13.0";
			developmentRegion = en;
			hasScannedForEncodings = 0;
			knownRegions = (
				en,
				Base,
			);
			mainGroup = 2F30DC37284BB70500A7E14E;
			packageReferences = (
				2FEBD07E284C5CEA008B8C9D /* XCRemoteSwiftPackageReference "CodeEditor" */,
			);
			productRefGroup = 2F30DC45284BB70700A7E14E /* Products */;
			projectDirPath = "";
			projectRoot = "";
			targets = (
				2F30DC43284BB70700A7E14E /* SwiftArmyKnife (iOS) */,
				2F30DC49284BB70700A7E14E /* SwiftArmyKnife (macOS) */,
				2F30DC50284BB70700A7E14E /* Tests iOS */,
				2F30DC5C284BB70700A7E14E /* Tests macOS */,
			);
		};
/* End PBXProject section */

/* Begin PBXResourcesBuildPhase section */
		2F30DC42284BB70700A7E14E /* Resources */ = {
			isa = PBXResourcesBuildPhase;
			buildActionMask = 2147483647;
			files = (
				2F30DC69284BB70700A7E14E /* Assets.xcassets in Resources */,
				2F30DC7E284BEF4900A7E14E /* content.json in Resources */,
			);
			runOnlyForDeploymentPostprocessing = 0;
		};
		2F30DC48284BB70700A7E14E /* Resources */ = {
			isa = PBXResourcesBuildPhase;
			buildActionMask = 2147483647;
			files = (
				2F30DC6A284BB70700A7E14E /* Assets.xcassets in Resources */,
				2F30DC7F284BEF4900A7E14E /* content.json in Resources */,
			);
			runOnlyForDeploymentPostprocessing = 0;
		};
		2F30DC4F284BB70700A7E14E /* Resources */ = {
			isa = PBXResourcesBuildPhase;
			buildActionMask = 2147483647;
			files = (
			);
			runOnlyForDeploymentPostprocessing = 0;
		};
		2F30DC5B284BB70700A7E14E /* Resources */ = {
			isa = PBXResourcesBuildPhase;
			buildActionMask = 2147483647;
			files = (
			);
			runOnlyForDeploymentPostprocessing = 0;
		};
/* End PBXResourcesBuildPhase section */

/* Begin PBXSourcesBuildPhase section */
		2F30DC40284BB70700A7E14E /* Sources */ = {
			isa = PBXSourcesBuildPhase;
			buildActionMask = 2147483647;
			files = (
				2F30DC95284C301500A7E14E /* CodeSnippetsModel.swift in Sources */,
				2F30DC67284BB70700A7E14E /* ContentView.swift in Sources */,
				2F30DCA4284C404900A7E14E /* SectionView.swift in Sources */,
				2F30DC98284C305200A7E14E /* SwiftUIModifiersModel.swift in Sources */,
				2F30DCA1284C316A00A7E14E /* DetailView.swift in Sources */,
				2F30DC87284C171500A7E14E /* CodeSnippetsView.swift in Sources */,
				2F30DC8D284C267600A7E14E /* SwiftView.swift in Sources */,
				2F30DC7B284BD9BD00A7E14E /* SwiftUIViewsView.swift in Sources */,
				2F30DC65284BB70700A7E14E /* SwiftArmyKnifeApp.swift in Sources */,
				2F30DC92284C2FBE00A7E14E /* NavigationModel.swift in Sources */,
				2F30DCB0284C549100A7E14E /* ExampleTabView.swift in Sources */,
				2F30DC9B284C308200A7E14E /* SwiftUIViewsModel.swift in Sources */,
				2F30DC9E284C30A900A7E14E /* SwiftModel.swift in Sources */,
				2F30DC8A284C1FC200A7E14E /* UIKitView.swift in Sources */,
				2FEBD07C284C59FE008B8C9D /* SourceCodeView.swift in Sources */,
				2F30DCA9284C469F00A7E14E /* TabViewDemoView.swift in Sources */,
				2F30DC81284BFF8200A7E14E /* ComponentModel.swift in Sources */,
				2F30DC84284C119800A7E14E /* SwiftUIModifiersView.swift in Sources */,
			);
			runOnlyForDeploymentPostprocessing = 0;
		};
		2F30DC46284BB70700A7E14E /* Sources */ = {
			isa = PBXSourcesBuildPhase;
			buildActionMask = 2147483647;
			files = (
				2F30DC96284C301500A7E14E /* CodeSnippetsModel.swift in Sources */,
				2F30DC68284BB70700A7E14E /* ContentView.swift in Sources */,
				2F30DCA5284C404900A7E14E /* SectionView.swift in Sources */,
				2F30DC99284C305200A7E14E /* SwiftUIModifiersModel.swift in Sources */,
				2F30DCA2284C316A00A7E14E /* DetailView.swift in Sources */,
				2F30DC88284C171500A7E14E /* CodeSnippetsView.swift in Sources */,
				2F30DC8E284C267600A7E14E /* SwiftView.swift in Sources */,
				2F30DC7C284BD9BD00A7E14E /* SwiftUIViewsView.swift in Sources */,
				2F30DC66284BB70700A7E14E /* SwiftArmyKnifeApp.swift in Sources */,
				2F30DC93284C2FBE00A7E14E /* NavigationModel.swift in Sources */,
				2F30DCB1284C549200A7E14E /* ExampleTabView.swift in Sources */,
				2F30DC9C284C308200A7E14E /* SwiftUIViewsModel.swift in Sources */,
				2F30DC9F284C30A900A7E14E /* SwiftModel.swift in Sources */,
				2F30DC8B284C1FC200A7E14E /* UIKitView.swift in Sources */,
				2FEBD07D284C59FE008B8C9D /* SourceCodeView.swift in Sources */,
				2F30DCAA284C469F00A7E14E /* TabViewDemoView.swift in Sources */,
				2F30DC82284BFF8200A7E14E /* ComponentModel.swift in Sources */,
				2F30DC85284C119800A7E14E /* SwiftUIModifiersView.swift in Sources */,
			);
			runOnlyForDeploymentPostprocessing = 0;
		};
		2F30DC4D284BB70700A7E14E /* Sources */ = {
			isa = PBXSourcesBuildPhase;
			buildActionMask = 2147483647;
			files = (
				2F30DC58284BB70700A7E14E /* Tests_iOSLaunchTests.swift in Sources */,
				2F30DC56284BB70700A7E14E /* Tests_iOS.swift in Sources */,
			);
			runOnlyForDeploymentPostprocessing = 0;
		};
		2F30DC59284BB70700A7E14E /* Sources */ = {
			isa = PBXSourcesBuildPhase;
			buildActionMask = 2147483647;
			files = (
				2F30DC64284BB70700A7E14E /* Tests_macOSLaunchTests.swift in Sources */,
				2F30DC62284BB70700A7E14E /* Tests_macOS.swift in Sources */,
			);
			runOnlyForDeploymentPostprocessing = 0;
		};
/* End PBXSourcesBuildPhase section */

/* Begin PBXTargetDependency section */
		2F30DC53284BB70700A7E14E /* PBXTargetDependency */ = {
			isa = PBXTargetDependency;
			target = 2F30DC43284BB70700A7E14E /* SwiftArmyKnife (iOS) */;
			targetProxy = 2F30DC52284BB70700A7E14E /* PBXContainerItemProxy */;
		};
		2F30DC5F284BB70700A7E14E /* PBXTargetDependency */ = {
			isa = PBXTargetDependency;
			target = 2F30DC49284BB70700A7E14E /* SwiftArmyKnife (macOS) */;
			targetProxy = 2F30DC5E284BB70700A7E14E /* PBXContainerItemProxy */;
		};
/* End PBXTargetDependency section */

/* Begin XCBuildConfiguration section */
		2F30DC6B284BB70700A7E14E /* Debug */ = {
			isa = XCBuildConfiguration;
			buildSettings = {
				ALWAYS_SEARCH_USER_PATHS = NO;
				CLANG_ANALYZER_NONNULL = YES;
				CLANG_ANALYZER_NUMBER_OBJECT_CONVERSION = YES_AGGRESSIVE;
				CLANG_CXX_LANGUAGE_STANDARD = "gnu++17";
				CLANG_ENABLE_MODULES = YES;
				CLANG_ENABLE_OBJC_ARC = YES;
				CLANG_ENABLE_OBJC_WEAK = YES;
				CLANG_WARN_BLOCK_CAPTURE_AUTORELEASING = YES;
				CLANG_WARN_BOOL_CONVERSION = YES;
				CLANG_WARN_COMMA = YES;
				CLANG_WARN_CONSTANT_CONVERSION = YES;
				CLANG_WARN_DEPRECATED_OBJC_IMPLEMENTATIONS = YES;
				CLANG_WARN_DIRECT_OBJC_ISA_USAGE = YES_ERROR;
				CLANG_WARN_DOCUMENTATION_COMMENTS = YES;
				CLANG_WARN_EMPTY_BODY = YES;
				CLANG_WARN_ENUM_CONVERSION = YES;
				CLANG_WARN_INFINITE_RECURSION = YES;
				CLANG_WARN_INT_CONVERSION = YES;
				CLANG_WARN_NON_LITERAL_NULL_CONVERSION = YES;
				CLANG_WARN_OBJC_IMPLICIT_RETAIN_SELF = YES;
				CLANG_WARN_OBJC_LITERAL_CONVERSION = YES;
				CLANG_WARN_OBJC_ROOT_CLASS = YES_ERROR;
				CLANG_WARN_QUOTED_INCLUDE_IN_FRAMEWORK_HEADER = YES;
				CLANG_WARN_RANGE_LOOP_ANALYSIS = YES;
				CLANG_WARN_STRICT_PROTOTYPES = YES;
				CLANG_WARN_SUSPICIOUS_MOVE = YES;
				CLANG_WARN_UNGUARDED_AVAILABILITY = YES_AGGRESSIVE;
				CLANG_WARN_UNREACHABLE_CODE = YES;
				CLANG_WARN__DUPLICATE_METHOD_MATCH = YES;
				COPY_PHASE_STRIP = NO;
				DEBUG_INFORMATION_FORMAT = dwarf;
				ENABLE_STRICT_OBJC_MSGSEND = YES;
				ENABLE_TESTABILITY = YES;
				GCC_C_LANGUAGE_STANDARD = gnu11;
				GCC_DYNAMIC_NO_PIC = NO;
				GCC_NO_COMMON_BLOCKS = YES;
				GCC_OPTIMIZATION_LEVEL = 0;
				GCC_PREPROCESSOR_DEFINITIONS = (
					"DEBUG=1",
					"$(inherited)",
				);
				GCC_WARN_64_TO_32_BIT_CONVERSION = YES;
				GCC_WARN_ABOUT_RETURN_TYPE = YES_ERROR;
				GCC_WARN_UNDECLARED_SELECTOR = YES;
				GCC_WARN_UNINITIALIZED_AUTOS = YES_AGGRESSIVE;
				GCC_WARN_UNUSED_FUNCTION = YES;
				GCC_WARN_UNUSED_VARIABLE = YES;
				MTL_ENABLE_DEBUG_INFO = INCLUDE_SOURCE;
				MTL_FAST_MATH = YES;
				ONLY_ACTIVE_ARCH = YES;
				SWIFT_ACTIVE_COMPILATION_CONDITIONS = DEBUG;
				SWIFT_OPTIMIZATION_LEVEL = "-Onone";
			};
			name = Debug;
		};
		2F30DC6C284BB70700A7E14E /* Release */ = {
			isa = XCBuildConfiguration;
			buildSettings = {
				ALWAYS_SEARCH_USER_PATHS = NO;
				CLANG_ANALYZER_NONNULL = YES;
				CLANG_ANALYZER_NUMBER_OBJECT_CONVERSION = YES_AGGRESSIVE;
				CLANG_CXX_LANGUAGE_STANDARD = "gnu++17";
				CLANG_ENABLE_MODULES = YES;
				CLANG_ENABLE_OBJC_ARC = YES;
				CLANG_ENABLE_OBJC_WEAK = YES;
				CLANG_WARN_BLOCK_CAPTURE_AUTORELEASING = YES;
				CLANG_WARN_BOOL_CONVERSION = YES;
				CLANG_WARN_COMMA = YES;
				CLANG_WARN_CONSTANT_CONVERSION = YES;
				CLANG_WARN_DEPRECATED_OBJC_IMPLEMENTATIONS = YES;
				CLANG_WARN_DIRECT_OBJC_ISA_USAGE = YES_ERROR;
				CLANG_WARN_DOCUMENTATION_COMMENTS = YES;
				CLANG_WARN_EMPTY_BODY = YES;
				CLANG_WARN_ENUM_CONVERSION = YES;
				CLANG_WARN_INFINITE_RECURSION = YES;
				CLANG_WARN_INT_CONVERSION = YES;
				CLANG_WARN_NON_LITERAL_NULL_CONVERSION = YES;
				CLANG_WARN_OBJC_IMPLICIT_RETAIN_SELF = YES;
				CLANG_WARN_OBJC_LITERAL_CONVERSION = YES;
				CLANG_WARN_OBJC_ROOT_CLASS = YES_ERROR;
				CLANG_WARN_QUOTED_INCLUDE_IN_FRAMEWORK_HEADER = YES;
				CLANG_WARN_RANGE_LOOP_ANALYSIS = YES;
				CLANG_WARN_STRICT_PROTOTYPES = YES;
				CLANG_WARN_SUSPICIOUS_MOVE = YES;
				CLANG_WARN_UNGUARDED_AVAILABILITY = YES_AGGRESSIVE;
				CLANG_WARN_UNREACHABLE_CODE = YES;
				CLANG_WARN__DUPLICATE_METHOD_MATCH = YES;
				COPY_PHASE_STRIP = NO;
				DEBUG_INFORMATION_FORMAT = "dwarf-with-dsym";
				ENABLE_NS_ASSERTIONS = NO;
				ENABLE_STRICT_OBJC_MSGSEND = YES;
				GCC_C_LANGUAGE_STANDARD = gnu11;
				GCC_NO_COMMON_BLOCKS = YES;
				GCC_WARN_64_TO_32_BIT_CONVERSION = YES;
				GCC_WARN_ABOUT_RETURN_TYPE = YES_ERROR;
				GCC_WARN_UNDECLARED_SELECTOR = YES;
				GCC_WARN_UNINITIALIZED_AUTOS = YES_AGGRESSIVE;
				GCC_WARN_UNUSED_FUNCTION = YES;
				GCC_WARN_UNUSED_VARIABLE = YES;
				MTL_ENABLE_DEBUG_INFO = NO;
				MTL_FAST_MATH = YES;
				SWIFT_COMPILATION_MODE = wholemodule;
				SWIFT_OPTIMIZATION_LEVEL = "-O";
			};
			name = Release;
		};
		2F30DC6E284BB70700A7E14E /* Debug */ = {
			isa = XCBuildConfiguration;
			buildSettings = {
				ASSETCATALOG_COMPILER_APPICON_NAME = AppIcon;
				ASSETCATALOG_COMPILER_GLOBAL_ACCENT_COLOR_NAME = AccentColor;
				CODE_SIGN_STYLE = Automatic;
				CURRENT_PROJECT_VERSION = 1;
				DEVELOPMENT_TEAM = FNBTP68MJQ;
				ENABLE_PREVIEWS = YES;
				GENERATE_INFOPLIST_FILE = YES;
				INFOPLIST_KEY_UIApplicationSceneManifest_Generation = YES;
				INFOPLIST_KEY_UIApplicationSupportsIndirectInputEvents = YES;
				INFOPLIST_KEY_UILaunchScreen_Generation = YES;
				INFOPLIST_KEY_UISupportedInterfaceOrientations_iPad = "UIInterfaceOrientationPortrait UIInterfaceOrientationPortraitUpsideDown UIInterfaceOrientationLandscapeLeft UIInterfaceOrientationLandscapeRight";
				INFOPLIST_KEY_UISupportedInterfaceOrientations_iPhone = "UIInterfaceOrientationPortrait UIInterfaceOrientationLandscapeLeft UIInterfaceOrientationLandscapeRight";
				IPHONEOS_DEPLOYMENT_TARGET = 15.5;
				LD_RUNPATH_SEARCH_PATHS = (
					"$(inherited)",
					"@executable_path/Frameworks",
				);
				MARKETING_VERSION = 1.0;
				PRODUCT_BUNDLE_IDENTIFIER = com.michaelborgmann.com.SwiftArmyKnife;
				PRODUCT_NAME = SwiftArmyKnife;
				SDKROOT = iphoneos;
				SWIFT_EMIT_LOC_STRINGS = YES;
				SWIFT_VERSION = 5.0;
				TARGETED_DEVICE_FAMILY = "1,2";
			};
			name = Debug;
		};
		2F30DC6F284BB70700A7E14E /* Release */ = {
			isa = XCBuildConfiguration;
			buildSettings = {
				ASSETCATALOG_COMPILER_APPICON_NAME = AppIcon;
				ASSETCATALOG_COMPILER_GLOBAL_ACCENT_COLOR_NAME = AccentColor;
				CODE_SIGN_STYLE = Automatic;
				CURRENT_PROJECT_VERSION = 1;
				DEVELOPMENT_TEAM = FNBTP68MJQ;
				ENABLE_PREVIEWS = YES;
				GENERATE_INFOPLIST_FILE = YES;
				INFOPLIST_KEY_UIApplicationSceneManifest_Generation = YES;
				INFOPLIST_KEY_UIApplicationSupportsIndirectInputEvents = YES;
				INFOPLIST_KEY_UILaunchScreen_Generation = YES;
				INFOPLIST_KEY_UISupportedInterfaceOrientations_iPad = "UIInterfaceOrientationPortrait UIInterfaceOrientationPortraitUpsideDown UIInterfaceOrientationLandscapeLeft UIInterfaceOrientationLandscapeRight";
				INFOPLIST_KEY_UISupportedInterfaceOrientations_iPhone = "UIInterfaceOrientationPortrait UIInterfaceOrientationLandscapeLeft UIInterfaceOrientationLandscapeRight";
				IPHONEOS_DEPLOYMENT_TARGET = 15.5;
				LD_RUNPATH_SEARCH_PATHS = (
					"$(inherited)",
					"@executable_path/Frameworks",
				);
				MARKETING_VERSION = 1.0;
				PRODUCT_BUNDLE_IDENTIFIER = com.michaelborgmann.com.SwiftArmyKnife;
				PRODUCT_NAME = SwiftArmyKnife;
				SDKROOT = iphoneos;
				SWIFT_EMIT_LOC_STRINGS = YES;
				SWIFT_VERSION = 5.0;
				TARGETED_DEVICE_FAMILY = "1,2";
				VALIDATE_PRODUCT = YES;
			};
			name = Release;
		};
		2F30DC71284BB70700A7E14E /* Debug */ = {
			isa = XCBuildConfiguration;
			buildSettings = {
				ASSETCATALOG_COMPILER_APPICON_NAME = AppIcon;
				ASSETCATALOG_COMPILER_GLOBAL_ACCENT_COLOR_NAME = AccentColor;
				CODE_SIGN_ENTITLEMENTS = macOS/macOS.entitlements;
				CODE_SIGN_STYLE = Automatic;
				COMBINE_HIDPI_IMAGES = YES;
				CURRENT_PROJECT_VERSION = 1;
				DEVELOPMENT_TEAM = FNBTP68MJQ;
				ENABLE_HARDENED_RUNTIME = YES;
				ENABLE_PREVIEWS = YES;
				GENERATE_INFOPLIST_FILE = YES;
				INFOPLIST_KEY_NSHumanReadableCopyright = "";
				LD_RUNPATH_SEARCH_PATHS = (
					"$(inherited)",
					"@executable_path/../Frameworks",
				);
				MACOSX_DEPLOYMENT_TARGET = 12.3;
				MARKETING_VERSION = 1.0;
				PRODUCT_BUNDLE_IDENTIFIER = com.michaelborgmann.com.SwiftArmyKnife;
				PRODUCT_NAME = SwiftArmyKnife;
				SDKROOT = macosx;
				SWIFT_EMIT_LOC_STRINGS = YES;
				SWIFT_VERSION = 5.0;
			};
			name = Debug;
		};
		2F30DC72284BB70700A7E14E /* Release */ = {
			isa = XCBuildConfiguration;
			buildSettings = {
				ASSETCATALOG_COMPILER_APPICON_NAME = AppIcon;
				ASSETCATALOG_COMPILER_GLOBAL_ACCENT_COLOR_NAME = AccentColor;
				CODE_SIGN_ENTITLEMENTS = macOS/macOS.entitlements;
				CODE_SIGN_STYLE = Automatic;
				COMBINE_HIDPI_IMAGES = YES;
				CURRENT_PROJECT_VERSION = 1;
				DEVELOPMENT_TEAM = FNBTP68MJQ;
				ENABLE_HARDENED_RUNTIME = YES;
				ENABLE_PREVIEWS = YES;
				GENERATE_INFOPLIST_FILE = YES;
				INFOPLIST_KEY_NSHumanReadableCopyright = "";
				LD_RUNPATH_SEARCH_PATHS = (
					"$(inherited)",
					"@executable_path/../Frameworks",
				);
				MACOSX_DEPLOYMENT_TARGET = 12.3;
				MARKETING_VERSION = 1.0;
				PRODUCT_BUNDLE_IDENTIFIER = com.michaelborgmann.com.SwiftArmyKnife;
				PRODUCT_NAME = SwiftArmyKnife;
				SDKROOT = macosx;
				SWIFT_EMIT_LOC_STRINGS = YES;
				SWIFT_VERSION = 5.0;
			};
			name = Release;
		};
		2F30DC74284BB70700A7E14E /* Debug */ = {
			isa = XCBuildConfiguration;
			buildSettings = {
				ALWAYS_EMBED_SWIFT_STANDARD_LIBRARIES = YES;
				CODE_SIGN_STYLE = Automatic;
				CURRENT_PROJECT_VERSION = 1;
				DEVELOPMENT_TEAM = FNBTP68MJQ;
				GENERATE_INFOPLIST_FILE = YES;
				IPHONEOS_DEPLOYMENT_TARGET = 15.5;
				MARKETING_VERSION = 1.0;
				PRODUCT_BUNDLE_IDENTIFIER = "com.michaelborgmann.com.Tests-iOS";
				PRODUCT_NAME = "$(TARGET_NAME)";
				SDKROOT = iphoneos;
				SWIFT_EMIT_LOC_STRINGS = NO;
				SWIFT_VERSION = 5.0;
				TARGETED_DEVICE_FAMILY = "1,2";
				TEST_TARGET_NAME = "SwiftArmyKnife (iOS)";
			};
			name = Debug;
		};
		2F30DC75284BB70700A7E14E /* Release */ = {
			isa = XCBuildConfiguration;
			buildSettings = {
				ALWAYS_EMBED_SWIFT_STANDARD_LIBRARIES = YES;
				CODE_SIGN_STYLE = Automatic;
				CURRENT_PROJECT_VERSION = 1;
				DEVELOPMENT_TEAM = FNBTP68MJQ;
				GENERATE_INFOPLIST_FILE = YES;
				IPHONEOS_DEPLOYMENT_TARGET = 15.5;
				MARKETING_VERSION = 1.0;
				PRODUCT_BUNDLE_IDENTIFIER = "com.michaelborgmann.com.Tests-iOS";
				PRODUCT_NAME = "$(TARGET_NAME)";
				SDKROOT = iphoneos;
				SWIFT_EMIT_LOC_STRINGS = NO;
				SWIFT_VERSION = 5.0;
				TARGETED_DEVICE_FAMILY = "1,2";
				TEST_TARGET_NAME = "SwiftArmyKnife (iOS)";
				VALIDATE_PRODUCT = YES;
			};
			name = Release;
		};
		2F30DC77284BB70700A7E14E /* Debug */ = {
			isa = XCBuildConfiguration;
			buildSettings = {
				ALWAYS_EMBED_SWIFT_STANDARD_LIBRARIES = YES;
				CODE_SIGN_STYLE = Automatic;
				CURRENT_PROJECT_VERSION = 1;
				DEVELOPMENT_TEAM = FNBTP68MJQ;
				GENERATE_INFOPLIST_FILE = YES;
				MACOSX_DEPLOYMENT_TARGET = 12.3;
				MARKETING_VERSION = 1.0;
				PRODUCT_BUNDLE_IDENTIFIER = "com.michaelborgmann.com.Tests-macOS";
				PRODUCT_NAME = "$(TARGET_NAME)";
				SDKROOT = macosx;
				SWIFT_EMIT_LOC_STRINGS = NO;
				SWIFT_VERSION = 5.0;
				TEST_TARGET_NAME = "SwiftArmyKnife (macOS)";
			};
			name = Debug;
		};
		2F30DC78284BB70700A7E14E /* Release */ = {
			isa = XCBuildConfiguration;
			buildSettings = {
				ALWAYS_EMBED_SWIFT_STANDARD_LIBRARIES = YES;
				CODE_SIGN_STYLE = Automatic;
				CURRENT_PROJECT_VERSION = 1;
				DEVELOPMENT_TEAM = FNBTP68MJQ;
				GENERATE_INFOPLIST_FILE = YES;
				MACOSX_DEPLOYMENT_TARGET = 12.3;
				MARKETING_VERSION = 1.0;
				PRODUCT_BUNDLE_IDENTIFIER = "com.michaelborgmann.com.Tests-macOS";
				PRODUCT_NAME = "$(TARGET_NAME)";
				SDKROOT = macosx;
				SWIFT_EMIT_LOC_STRINGS = NO;
				SWIFT_VERSION = 5.0;
				TEST_TARGET_NAME = "SwiftArmyKnife (macOS)";
			};
			name = Release;
		};
/* End XCBuildConfiguration section */

/* Begin XCConfigurationList section */
		2F30DC3B284BB70500A7E14E /* Build configuration list for PBXProject "SwiftArmyKnife" */ = {
			isa = XCConfigurationList;
			buildConfigurations = (
				2F30DC6B284BB70700A7E14E /* Debug */,
				2F30DC6C284BB70700A7E14E /* Release */,
			);
			defaultConfigurationIsVisible = 0;
			defaultConfigurationName = Release;
		};
		2F30DC6D284BB70700A7E14E /* Build configuration list for PBXNativeTarget "SwiftArmyKnife (iOS)" */ = {
			isa = XCConfigurationList;
			buildConfigurations = (
				2F30DC6E284BB70700A7E14E /* Debug */,
				2F30DC6F284BB70700A7E14E /* Release */,
			);
			defaultConfigurationIsVisible = 0;
			defaultConfigurationName = Release;
		};
		2F30DC70284BB70700A7E14E /* Build configuration list for PBXNativeTarget "SwiftArmyKnife (macOS)" */ = {
			isa = XCConfigurationList;
			buildConfigurations = (
				2F30DC71284BB70700A7E14E /* Debug */,
				2F30DC72284BB70700A7E14E /* Release */,
			);
			defaultConfigurationIsVisible = 0;
			defaultConfigurationName = Release;
		};
		2F30DC73284BB70700A7E14E /* Build configuration list for PBXNativeTarget "Tests iOS" */ = {
			isa = XCConfigurationList;
			buildConfigurations = (
				2F30DC74284BB70700A7E14E /* Debug */,
				2F30DC75284BB70700A7E14E /* Release */,
			);
			defaultConfigurationIsVisible = 0;
			defaultConfigurationName = Release;
		};
		2F30DC76284BB70700A7E14E /* Build configuration list for PBXNativeTarget "Tests macOS" */ = {
			isa = XCConfigurationList;
			buildConfigurations = (
				2F30DC77284BB70700A7E14E /* Debug */,
				2F30DC78284BB70700A7E14E /* Release */,
			);
			defaultConfigurationIsVisible = 0;
			defaultConfigurationName = Release;
		};
/* End XCConfigurationList section */

/* Begin XCRemoteSwiftPackageReference section */
		2FEBD07E284C5CEA008B8C9D /* XCRemoteSwiftPackageReference "CodeEditor" */ = {
			isa = XCRemoteSwiftPackageReference;
			repositoryURL = "https://github.com/ZeeZide/CodeEditor.git";
			requirement = {
				kind = upToNextMajorVersion;
				minimumVersion = 1.0.0;
			};
		};
/* End XCRemoteSwiftPackageReference section */

/* Begin XCSwiftPackageProductDependency section */
		2FEBD07F284C5CEA008B8C9D /* CodeEditor */ = {
			isa = XCSwiftPackageProductDependency;
			package = 2FEBD07E284C5CEA008B8C9D /* XCRemoteSwiftPackageReference "CodeEditor" */;
			productName = CodeEditor;
		};
/* End XCSwiftPackageProductDependency section */
	};
	rootObject = 2F30DC38284BB70500A7E14E /* Project object */;
}
